
Microsoft Visual Studio Solution File, Format Version 12.00
# Visual Studio Version 16
VisualStudioVersion = 16.0.31911.196
MinimumVisualStudioVersion = 10.0.40219.1
Project("{FAE04EC0-301F-11D3-BF4B-00C04F79EFBC}") = "TravelTripProje", "TravelTripProje.csproj", "{2376B494-EB5A-4223-A5CA-A0C77D69477B}"
EndProject
Global
	GlobalSection(SolutionConfigurationPlatforms) = preSolution
		Debug|Any CPU = Debug|Any CPU
		Release|Any CPU = Release|Any CPU
	EndGlobalSection
	GlobalSection(ProjectConfigurationPlatforms) = postSolution
		{2376B494-EB5A-4223-A5CA-A0C77D69477B}.Debug|Any CPU.ActiveCfg = Debug|Any CPU
		{2376B494-EB5A-4223-A5CA-A0C77D69477B}.Debug|Any CPU.Build.0 = Debug|Any CPU
		{2376B494-EB5A-4223-A5CA-A0C77D69477B}.Release|Any CPU.ActiveCfg = Release|Any CPU
		{2376B494-EB5A-4223-A5CA-A0C77D69477B}.Release|Any CPU.Build.0 = Release|Any CPU
	EndGlobalSection
	GlobalSection(SolutionProperties) = preSolution
		HideSolutionNode = FALSE
	EndGlobalSection
	GlobalSection(ExtensibilityGlobals) = postSolution
		SolutionGuid = {4F790FF1-BF0A-470A-B052-AF67F1A3AAEC}
	EndGlobalSection
EndGlobal
